
Microsoft Visual Studio Solution File, Format Version 12.00
# Visual Studio Version 17
VisualStudioVersion = 17.0.31903.59
MinimumVisualStudioVersion = 10.0.40219.1
Project("{FAE04EC0-301F-11D3-BF4B-00C04F79EFBC}") = "KorpERP.Notas.API", "KorpERP.Notas.API\KorpERP.Notas.API.csproj", "{F328CA31-D639-47B4-8403-29A06EC438D3}"
EndProject
Project("{FAE04EC0-301F-11D3-BF4B-00C04F79EFBC}") = "KorpERP.Shared", "KorpERP.Shared\KorpERP.Shared.csproj", "{54FABA74-40AD-4148-9CB7-334BAD67D1A8}"
EndProject
Project("{FAE04EC0-301F-11D3-BF4B-00C04F79EFBC}") = "KorpERP.Produtos.API", "KorpERP.Produtos.API\KorpERP.Produtos.API.csproj", "{60FA75E0-F6ED-44B1-B7FF-0FCD5C525189}"
EndProject
Global
	GlobalSection(SolutionConfigurationPlatforms) = preSolution
		Debug|Any CPU = Debug|Any CPU
		Debug|x64 = Debug|x64
		Debug|x86 = Debug|x86
		Release|Any CPU = Release|Any CPU
		Release|x64 = Release|x64
		Release|x86 = Release|x86
	EndGlobalSection
	GlobalSection(ProjectConfigurationPlatforms) = postSolution
		{F328CA31-D639-47B4-8403-29A06EC438D3}.Debug|Any CPU.ActiveCfg = Debug|Any CPU
		{F328CA31-D639-47B4-8403-29A06EC438D3}.Debug|Any CPU.Build.0 = Debug|Any CPU
		{F328CA31-D639-47B4-8403-29A06EC438D3}.Debug|x64.ActiveCfg = Debug|Any CPU
		{F328CA31-D639-47B4-8403-29A06EC438D3}.Debug|x64.Build.0 = Debug|Any CPU
		{F328CA31-D639-47B4-8403-29A06EC438D3}.Debug|x86.ActiveCfg = Debug|Any CPU
		{F328CA31-D639-47B4-8403-29A06EC438D3}.Debug|x86.Build.0 = Debug|Any CPU
		{F328CA31-D639-47B4-8403-29A06EC438D3}.Release|Any CPU.ActiveCfg = Release|Any CPU
		{F328CA31-D639-47B4-8403-29A06EC438D3}.Release|Any CPU.Build.0 = Release|Any CPU
		{F328CA31-D639-47B4-8403-29A06EC438D3}.Release|x64.ActiveCfg = Release|Any CPU
		{F328CA31-D639-47B4-8403-29A06EC438D3}.Release|x64.Build.0 = Release|Any CPU
		{F328CA31-D639-47B4-8403-29A06EC438D3}.Release|x86.ActiveCfg = Release|Any CPU
		{F328CA31-D639-47B4-8403-29A06EC438D3}.Release|x86.Build.0 = Release|Any CPU
		{54FABA74-40AD-4148-9CB7-334BAD67D1A8}.Debug|Any CPU.ActiveCfg = Debug|Any CPU
		{54FABA74-40AD-4148-9CB7-334BAD67D1A8}.Debug|Any CPU.Build.0 = Debug|Any CPU
		{54FABA74-40AD-4148-9CB7-334BAD67D1A8}.Debug|x64.ActiveCfg = Debug|Any CPU
		{54FABA74-40AD-4148-9CB7-334BAD67D1A8}.Debug|x64.Build.0 = Debug|Any CPU
		{54FABA74-40AD-4148-9CB7-334BAD67D1A8}.Debug|x86.ActiveCfg = Debug|Any CPU
		{54FABA74-40AD-4148-9CB7-334BAD67D1A8}.Debug|x86.Build.0 = Debug|Any CPU
		{54FABA74-40AD-4148-9CB7-334BAD67D1A8}.Release|Any CPU.ActiveCfg = Release|Any CPU
		{54FABA74-40AD-4148-9CB7-334BAD67D1A8}.Release|Any CPU.Build.0 = Release|Any CPU
		{54FABA74-40AD-4148-9CB7-334BAD67D1A8}.Release|x64.ActiveCfg = Release|Any CPU
		{54FABA74-40AD-4148-9CB7-334BAD67D1A8}.Release|x64.Build.0 = Release|Any CPU
		{54FABA74-40AD-4148-9CB7-334BAD67D1A8}.Release|x86.ActiveCfg = Release|Any CPU
		{54FABA74-40AD-4148-9CB7-334BAD67D1A8}.Release|x86.Build.0 = Release|Any CPU
		{60FA75E0-F6ED-44B1-B7FF-0FCD5C525189}.Debug|Any CPU.ActiveCfg = Debug|Any CPU
		{60FA75E0-F6ED-44B1-B7FF-0FCD5C525189}.Debug|Any CPU.Build.0 = Debug|Any CPU
		{60FA75E0-F6ED-44B1-B7FF-0FCD5C525189}.Debug|x64.ActiveCfg = Debug|Any CPU
		{60FA75E0-F6ED-44B1-B7FF-0FCD5C525189}.Debug|x64.Build.0 = Debug|Any CPU
		{60FA75E0-F6ED-44B1-B7FF-0FCD5C525189}.Debug|x86.ActiveCfg = Debug|Any CPU
		{60FA75E0-F6ED-44B1-B7FF-0FCD5C525189}.Debug|x86.Build.0 = Debug|Any CPU
		{60FA75E0-F6ED-44B1-B7FF-0FCD5C525189}.Release|Any CPU.ActiveCfg = Release|Any CPU
		{60FA75E0-F6ED-44B1-B7FF-0FCD5C525189}.Release|Any CPU.Build.0 = Release|Any CPU
		{60FA75E0-F6ED-44B1-B7FF-0FCD5C525189}.Release|x64.ActiveCfg = Release|Any CPU
		{60FA75E0-F6ED-44B1-B7FF-0FCD5C525189}.Release|x64.Build.0 = Release|Any CPU
		{60FA75E0-F6ED-44B1-B7FF-0FCD5C525189}.Release|x86.ActiveCfg = Release|Any CPU
		{60FA75E0-F6ED-44B1-B7FF-0FCD5C525189}.Release|x86.Build.0 = Release|Any CPU
	EndGlobalSection
	GlobalSection(SolutionProperties) = preSolution
		HideSolutionNode = FALSE
	EndGlobalSection
EndGlobal
